
Microsoft Visual Studio Solution File, Format Version 12.00
# Visual Studio 15
VisualStudioVersion = 15.0.28307.136
MinimumVisualStudioVersion = 10.0.40219.1
Project("{FAE04EC0-301F-11D3-BF4B-00C04F79EFBC}") = "MemberShip", "Member Ship\MemberShip.csproj", "{9D3EAAE2-6AFF-4A46-92F3-78C37CF29C32}"
EndProject
Global
	GlobalSection(SolutionConfigurationPlatforms) = preSolution
		Debug|Any CPU = Debug|Any CPU
		Release|Any CPU = Release|Any CPU
	EndGlobalSection
	GlobalSection(ProjectConfigurationPlatforms) = postSolution
		{9D3EAAE2-6AFF-4A46-92F3-78C37CF29C32}.Debug|Any CPU.ActiveCfg = Debug|Any CPU
		{9D3EAAE2-6AFF-4A46-92F3-78C37CF29C32}.Debug|Any CPU.Build.0 = Debug|Any CPU
		{9D3EAAE2-6AFF-4A46-92F3-78C37CF29C32}.Release|Any CPU.ActiveCfg = Release|Any CPU
		{9D3EAAE2-6AFF-4A46-92F3-78C37CF29C32}.Release|Any CPU.Build.0 = Release|Any CPU
	EndGlobalSection
	GlobalSection(SolutionProperties) = preSolution
		HideSolutionNode = FALSE
	EndGlobalSection
	GlobalSection(ExtensibilityGlobals) = postSolution
		SolutionGuid = {C748D1A4-5746-476B-8CB2-B3489E9E458E}
	EndGlobalSection
EndGlobal
